{
  "nodes": {
    "flake-utils": {
      "inputs": {
        "systems": "systems"
      },
      "locked": {
        "lastModified": 1731533236,
        "narHash": "sha256-l0KFg5HjrsfsO/JpG+r7fRrqm12kzFHyUHqHCVpMMbI=",
        "owner": "numtide",
        "repo": "flake-utils",
        "rev": "11707dc2f618dd54ca8739b309ec4fc024de578b",
        "type": "github"
      },
      "original": {
        "owner": "numtide",
        "repo": "flake-utils",
        "type": "github"
      }
    },
    "nixpkgs": {
      "locked": {
        "lastModified": 1782498288,
        "narHash": "sha256-8/X3yyTXiE82b38n32ItbOqfWOVBl+gKa8fILyZfR4Q=",
        "owner": "NixOS",
        "repo": "nixpkgs",
        "rev": "3cac626ec5e3703e835f227687e88aa9e2f25701",
        "type": "github"
      },
      "original": {
        "owner": "NixOS",
        "ref": "nixos-25.11",
        "repo": "nixpkgs",
        "type": "github"
      }
    },
    "root": {
      "inputs": {
        "flake-utils": "flake-utils",
        "nixpkgs": "nixpkgs",
        "tgbot-cpp-src": "tgbot-cpp-src",
        "userver-nix": "userver-nix",
        "userver-src": "userver-src"
      }
    },
    "systems": {
      "locked": {
        "lastModified": 1681028828,
        "narHash": "sha256-Vy1rq5AaRuLzOxct8nz4T6wlgyUR7zLU309k9mBC768=",
        "owner": "nix-systems",
        "repo": "default",
        "rev": "da67096a3b9bf56a91d16901293e51ba5b49a27e",
        "type": "github"
      },
      "original": {
        "owner": "nix-systems",
        "repo": "default",
        "type": "github"
      }
    },
    "tgbot-cpp-src": {
      "flake": false,
      "locked": {
        "lastModified": 1718055819,
        "narHash": "sha256-rlC9fUzGlmp3tZhE6MlAtZWz4CIacJ757NB3bNRyXj0=",
        "owner": "reo7sp",
        "repo": "tgbot-cpp",
        "rev": "a38e1b2752030254f400c0fb1e95f7340f2060c4",
        "type": "github"
      },
      "original": {
        "owner": "reo7sp",
        "ref": "v1.8",
        "repo": "tgbot-cpp",
        "type": "github"
      }
    },
    "userver-nix": {
      "inputs": {
        "flake-utils": [
          "flake-utils"
        ],
        "nixpkgs": [
          "nixpkgs"
        ],
        "userver-src": [
          "userver-src"
        ]
      },
      "locked": {
        "lastModified": 1782559530,
        "narHash": "sha256-gCAlgjO+mZJPrKT96MLnRe07xgVIBkbGakmiHBawWTs=",
        "owner": "DmitriySud",
        "repo": "userver-nix",
        "rev": "afee38338a9c821698b3a617ae3c68ea8bf0d285",
        "type": "github"
      },
      "original": {
        "owner": "DmitriySud",
        "ref": "master",
        "repo": "userver-nix",
        "type": "github"
      }
    },
    "userver-src": {
      "flake": false,
      "locked": {
        "lastModified": 1776333597,
        "narHash": "sha256-uI91z2pSIoc3Az/N4dwsmkFb7gcFGKx39cHmkPIhpOE=",
        "owner": "userver-framework",
        "repo": "userver",
        "rev": "e4d05b50b8f29772c6c72e3a7772e7fe5aa3d8ae",
        "type": "github"
      },
      "original": {
        "owner": "userver-framework",
        "ref": "v3.0",
        "repo": "userver",
        "type": "github"
      }
    }
  },
  "root": "root",
  "version": 7
}
